
Microsoft Visual Studio Solution File, Format Version 12.00
# Visual Studio Version 17
VisualStudioVersion = 17.0.31903.59
MinimumVisualStudioVersion = 10.0.40219.1
Project("{FAE04EC0-301F-11D3-BF4B-00C04F79EFBC}") = "mmappv1", "mmappv1\mmappv1.csproj", "{C1B4018F-A6FC-4B32-B8FF-DDB9A2EE941E}"
EndProject
Global
	GlobalSection(SolutionConfigurationPlatforms) = preSolution
		Debug|Any CPU = Debug|Any CPU
		Release|Any CPU = Release|Any CPU
	EndGlobalSection
	GlobalSection(ProjectConfigurationPlatforms) = postSolution
		{C1B4018F-A6FC-4B32-B8FF-DDB9A2EE941E}.Debug|Any CPU.ActiveCfg = Debug|Any CPU
		{C1B4018F-A6FC-4B32-B8FF-DDB9A2EE941E}.Debug|Any CPU.Build.0 = Debug|Any CPU
		{C1B4018F-A6FC-4B32-B8FF-DDB9A2EE941E}.Release|Any CPU.ActiveCfg = Release|Any CPU
		{C1B4018F-A6FC-4B32-B8FF-DDB9A2EE941E}.Release|Any CPU.Build.0 = Release|Any CPU
	EndGlobalSection
	GlobalSection(SolutionProperties) = preSolution
		HideSolutionNode = FALSE
	EndGlobalSection
	GlobalSection(ExtensibilityGlobals) = postSolution
		SolutionGuid = {24A146A6-1464-4996-B857-873B759FBE19}
	EndGlobalSection
EndGlobal
