
Microsoft Visual Studio Solution File, Format Version 12.00
# Visual Studio Version 17
VisualStudioVersion = 17.4.33205.214
MinimumVisualStudioVersion = 10.0.40219.1
Project("{FAE04EC0-301F-11D3-BF4B-00C04F79EFBC}") = "PPV_MMA", "PPV_MMA\PPV_MMA.csproj", "{AEC1F123-3C2A-43E0-926C-CC1311D4AEA9}"
EndProject
Global
	GlobalSection(SolutionConfigurationPlatforms) = preSolution
		Debug|Any CPU = Debug|Any CPU
		Release|Any CPU = Release|Any CPU
	EndGlobalSection
	GlobalSection(ProjectConfigurationPlatforms) = postSolution
		{AEC1F123-3C2A-43E0-926C-CC1311D4AEA9}.Debug|Any CPU.ActiveCfg = Debug|Any CPU
		{AEC1F123-3C2A-43E0-926C-CC1311D4AEA9}.Debug|Any CPU.Build.0 = Debug|Any CPU
		{AEC1F123-3C2A-43E0-926C-CC1311D4AEA9}.Release|Any CPU.ActiveCfg = Release|Any CPU
		{AEC1F123-3C2A-43E0-926C-CC1311D4AEA9}.Release|Any CPU.Build.0 = Release|Any CPU
	EndGlobalSection
	GlobalSection(SolutionProperties) = preSolution
		HideSolutionNode = FALSE
	EndGlobalSection
	GlobalSection(ExtensibilityGlobals) = postSolution
		SolutionGuid = {566ECD9C-321C-475D-9AB8-D436F3286274}
	EndGlobalSection
EndGlobal
